// !$*UTF8*$!
{
	archiveVersion = 1;
	classes = {
	};
	objectVersion = 56;
	objects = {

/* Begin PBXBuildFile section */
		7002FC0B2B3597C300C83FB5 /* SignupConstants.swift in Sources */ = {isa = PBXBuildFile; fileRef = 7002FC0A2B3597C300C83FB5 /* SignupConstants.swift */; };
		702969942B3FDF5400858E87 /* SignupPresenterTests.swift in Sources */ = {isa = PBXBuildFile; fileRef = 702969932B3FDF5400858E87 /* SignupPresenterTests.swift */; };
		703CC87B2B3D4D1B00F3F32F /* MockURLProtocol.swift in Sources */ = {isa = PBXBuildFile; fileRef = 703CC87A2B3D4D1B00F3F32F /* MockURLProtocol.swift */; };
		70835B322B35667D006E86A3 /* AppDelegate.swift in Sources */ = {isa = PBXBuildFile; fileRef = 70835B312B35667D006E86A3 /* AppDelegate.swift */; };
		70835B342B35667D006E86A3 /* SceneDelegate.swift in Sources */ = {isa = PBXBuildFile; fileRef = 70835B332B35667D006E86A3 /* SceneDelegate.swift */; };
		70835B362B35667D006E86A3 /* ViewController.swift in Sources */ = {isa = PBXBuildFile; fileRef = 70835B352B35667D006E86A3 /* ViewController.swift */; };
		70835B392B35667D006E86A3 /* Main.storyboard in Resources */ = {isa = PBXBuildFile; fileRef = 70835B372B35667D006E86A3 /* Main.storyboard */; };
		70835B3B2B35667F006E86A3 /* Assets.xcassets in Resources */ = {isa = PBXBuildFile; fileRef = 70835B3A2B35667F006E86A3 /* Assets.xcassets */; };
		70835B3E2B35667F006E86A3 /* LaunchScreen.storyboard in Resources */ = {isa = PBXBuildFile; fileRef = 70835B3C2B35667F006E86A3 /* LaunchScreen.storyboard */; };
		70835B532B3566AE006E86A3 /* SignupFromModelValidatorTests.swift in Sources */ = {isa = PBXBuildFile; fileRef = 70835B522B3566AE006E86A3 /* SignupFromModelValidatorTests.swift */; };
		70835B552B356712006E86A3 /* SignupFromModelValidator.swift in Sources */ = {isa = PBXBuildFile; fileRef = 70835B542B356712006E86A3 /* SignupFromModelValidator.swift */; };
		70BDAAF02B3C1CAC0030159D /* SignupWebServiceTests.swift in Sources */ = {isa = PBXBuildFile; fileRef = 70BDAAEF2B3C1CAC0030159D /* SignupWebServiceTests.swift */; };
		70BDAAF32B3C1E110030159D /* SignupWebService.swift in Sources */ = {isa = PBXBuildFile; fileRef = 70BDAAF22B3C1E110030159D /* SignupWebService.swift */; };
		70BDAAF52B3C1F6B0030159D /* SignupFormRequestModel.swift in Sources */ = {isa = PBXBuildFile; fileRef = 70BDAAF42B3C1F6B0030159D /* SignupFormRequestModel.swift */; };
		70BDAAF72B3C20480030159D /* SignupResponseModel.swift in Sources */ = {isa = PBXBuildFile; fileRef = 70BDAAF62B3C20480030159D /* SignupResponseModel.swift */; };
		70BDAAFB2B3C26810030159D /* SignupErrors.swift in Sources */ = {isa = PBXBuildFile; fileRef = 70BDAAFA2B3C26810030159D /* SignupErrors.swift */; };
/* End PBXBuildFile section */

/* Begin PBXContainerItemProxy section */
		70835B4D2B35668D006E86A3 /* PBXContainerItemProxy */ = {
			isa = PBXContainerItemProxy;
			containerPortal = 70835B262B35667D006E86A3 /* Project object */;
			proxyType = 1;
			remoteGlobalIDString = 70835B2D2B35667D006E86A3;
			remoteInfo = PhotoApp;
		};
/* End PBXContainerItemProxy section */

/* Begin PBXFileReference section */
		7002FC0A2B3597C300C83FB5 /* SignupConstants.swift */ = {isa = PBXFileReference; lastKnownFileType = sourcecode.swift; path = SignupConstants.swift; sourceTree = "<group>"; };
		70130CA12B3EA2E300848591 /* PhotoApp.xctestplan */ = {isa = PBXFileReference; lastKnownFileType = text; path = PhotoApp.xctestplan; sourceTree = "<group>"; };
		702969932B3FDF5400858E87 /* SignupPresenterTests.swift */ = {isa = PBXFileReference; lastKnownFileType = sourcecode.swift; path = SignupPresenterTests.swift; sourceTree = "<group>"; };
		703CC87A2B3D4D1B00F3F32F /* MockURLProtocol.swift */ = {isa = PBXFileReference; lastKnownFileType = sourcecode.swift; path = MockURLProtocol.swift; sourceTree = "<group>"; };
		70835B2E2B35667D006E86A3 /* PhotoApp.app */ = {isa = PBXFileReference; explicitFileType = wrapper.application; includeInIndex = 0; path = PhotoApp.app; sourceTree = BUILT_PRODUCTS_DIR; };
		70835B312B35667D006E86A3 /* AppDelegate.swift */ = {isa = PBXFileReference; lastKnownFileType = sourcecode.swift; path = AppDelegate.swift; sourceTree = "<group>"; };
		70835B332B35667D006E86A3 /* SceneDelegate.swift */ = {isa = PBXFileReference; lastKnownFileType = sourcecode.swift; path = SceneDelegate.swift; sourceTree = "<group>"; };
		70835B352B35667D006E86A3 /* ViewController.swift */ = {isa = PBXFileReference; lastKnownFileType = sourcecode.swift; path = ViewController.swift; sourceTree = "<group>"; };
		70835B382B35667D006E86A3 /* Base */ = {isa = PBXFileReference; lastKnownFileType = file.storyboard; name = Base; path = Base.lproj/Main.storyboard; sourceTree = "<group>"; };
		70835B3A2B35667F006E86A3 /* Assets.xcassets */ = {isa = PBXFileReference; lastKnownFileType = folder.assetcatalog; path = Assets.xcassets; sourceTree = "<group>"; };
		70835B3D2B35667F006E86A3 /* Base */ = {isa = PBXFileReference; lastKnownFileType = file.storyboard; name = Base; path = Base.lproj/LaunchScreen.storyboard; sourceTree = "<group>"; };
		70835B3F2B35667F006E86A3 /* Info.plist */ = {isa = PBXFileReference; lastKnownFileType = text.plist.xml; path = Info.plist; sourceTree = "<group>"; };
		70835B492B35668D006E86A3 /* PhotoAppTests.xctest */ = {isa = PBXFileReference; explicitFileType = wrapper.cfbundle; includeInIndex = 0; path = PhotoAppTests.xctest; sourceTree = BUILT_PRODUCTS_DIR; };
		70835B522B3566AE006E86A3 /* SignupFromModelValidatorTests.swift */ = {isa = PBXFileReference; lastKnownFileType = sourcecode.swift; path = SignupFromModelValidatorTests.swift; sourceTree = "<group>"; };
		70835B542B356712006E86A3 /* SignupFromModelValidator.swift */ = {isa = PBXFileReference; lastKnownFileType = sourcecode.swift; path = SignupFromModelValidator.swift; sourceTree = "<group>"; };
		70BDAAEF2B3C1CAC0030159D /* SignupWebServiceTests.swift */ = {isa = PBXFileReference; lastKnownFileType = sourcecode.swift; path = SignupWebServiceTests.swift; sourceTree = "<group>"; };
		70BDAAF22B3C1E110030159D /* SignupWebService.swift */ = {isa = PBXFileReference; lastKnownFileType = sourcecode.swift; path = SignupWebService.swift; sourceTree = "<group>"; };
		70BDAAF42B3C1F6B0030159D /* SignupFormRequestModel.swift */ = {isa = PBXFileReference; lastKnownFileType = sourcecode.swift; path = SignupFormRequestModel.swift; sourceTree = "<group>"; };
		70BDAAF62B3C20480030159D /* SignupResponseModel.swift */ = {isa = PBXFileReference; lastKnownFileType = sourcecode.swift; path = SignupResponseModel.swift; sourceTree = "<group>"; };
		70BDAAFA2B3C26810030159D /* SignupErrors.swift */ = {isa = PBXFileReference; lastKnownFileType = sourcecode.swift; path = SignupErrors.swift; sourceTree = "<group>"; };
/* End PBXFileReference section */

/* Begin PBXFrameworksBuildPhase section */
		70835B2B2B35667D006E86A3 /* Frameworks */ = {
			isa = PBXFrameworksBuildPhase;
			buildActionMask = 2147483647;
			files = (
			);
			runOnlyForDeploymentPostprocessing = 0;
		};
		70835B462B35668D006E86A3 /* Frameworks */ = {
			isa = PBXFrameworksBuildPhase;
			buildActionMask = 2147483647;
			files = (
			);
			runOnlyForDeploymentPostprocessing = 0;
		};
/* End PBXFrameworksBuildPhase section */

/* Begin PBXGroup section */
		70835B252B35667D006E86A3 = {
			isa = PBXGroup;
			children = (
				70130CA12B3EA2E300848591 /* PhotoApp.xctestplan */,
				70835B302B35667D006E86A3 /* PhotoApp */,
				70835B4A2B35668D006E86A3 /* PhotoAppTests */,
				70835B2F2B35667D006E86A3 /* Products */,
			);
			sourceTree = "<group>";
		};
		70835B2F2B35667D006E86A3 /* Products */ = {
			isa = PBXGroup;
			children = (
				70835B2E2B35667D006E86A3 /* PhotoApp.app */,
				70835B492B35668D006E86A3 /* PhotoAppTests.xctest */,
			);
			name = Products;
			sourceTree = "<group>";
		};
		70835B302B35667D006E86A3 /* PhotoApp */ = {
			isa = PBXGroup;
			children = (
				70E56E172B3C031E0080AA2E /* Signup */,
				70835B312B35667D006E86A3 /* AppDelegate.swift */,
				70835B332B35667D006E86A3 /* SceneDelegate.swift */,
				70835B352B35667D006E86A3 /* ViewController.swift */,
				70835B372B35667D006E86A3 /* Main.storyboard */,
				70835B3A2B35667F006E86A3 /* Assets.xcassets */,
				70835B3C2B35667F006E86A3 /* LaunchScreen.storyboard */,
				70835B3F2B35667F006E86A3 /* Info.plist */,
			);
			path = PhotoApp;
			sourceTree = "<group>";
		};
		70835B4A2B35668D006E86A3 /* PhotoAppTests */ = {
			isa = PBXGroup;
			children = (
				70BDAAEA2B3C1C3F0030159D /* Signup */,
			);
			path = PhotoAppTests;
			sourceTree = "<group>";
		};
		70BDAAE92B3C1C390030159D /* Models */ = {
			isa = PBXGroup;
			children = (
				70835B522B3566AE006E86A3 /* SignupFromModelValidatorTests.swift */,
			);
			path = Models;
			sourceTree = "<group>";
		};
		70BDAAEA2B3C1C3F0030159D /* Signup */ = {
			isa = PBXGroup;
			children = (
				70BDAAEB2B3C1C620030159D /* Network */,
				70BDAAE92B3C1C390030159D /* Models */,
				703CC87A2B3D4D1B00F3F32F /* MockURLProtocol.swift */,
				702969932B3FDF5400858E87 /* SignupPresenterTests.swift */,
			);
			path = Signup;
			sourceTree = "<group>";
		};
		70BDAAEB2B3C1C620030159D /* Network */ = {
			isa = PBXGroup;
			children = (
				70BDAAEF2B3C1CAC0030159D /* SignupWebServiceTests.swift */,
			);
			path = Network;
			sourceTree = "<group>";
		};
		70BDAAF12B3C1DFE0030159D /* Network */ = {
			isa = PBXGroup;
			children = (
				70BDAAF22B3C1E110030159D /* SignupWebService.swift */,
			);
			path = Network;
			sourceTree = "<group>";
		};
		70E56E172B3C031E0080AA2E /* Signup */ = {
			isa = PBXGroup;
			children = (
				70BDAAF12B3C1DFE0030159D /* Network */,
				70E56E182B3C032A0080AA2E /* Models */,
				70E56E192B3C03310080AA2E /* Controllers */,
			);
			path = Signup;
			sourceTree = "<group>";
		};
		70E56E182B3C032A0080AA2E /* Models */ = {
			isa = PBXGroup;
			children = (
				7002FC0A2B3597C300C83FB5 /* SignupConstants.swift */,
				70835B542B356712006E86A3 /* SignupFromModelValidator.swift */,
				70BDAAF42B3C1F6B0030159D /* SignupFormRequestModel.swift */,
				70BDAAF62B3C20480030159D /* SignupResponseModel.swift */,
				70BDAAFA2B3C26810030159D /* SignupErrors.swift */,
			);
			path = Models;
			sourceTree = "<group>";
		};
		70E56E192B3C03310080AA2E /* Controllers */ = {
			isa = PBXGroup;
			children = (
			);
			path = Controllers;
			sourceTree = "<group>";
		};
/* End PBXGroup section */

/* Begin PBXNativeTarget section */
		70835B2D2B35667D006E86A3 /* PhotoApp */ = {
			isa = PBXNativeTarget;
			buildConfigurationList = 70835B422B35667F006E86A3 /* Build configuration list for PBXNativeTarget "PhotoApp" */;
			buildPhases = (
				70835B2A2B35667D006E86A3 /* Sources */,
				70835B2B2B35667D006E86A3 /* Frameworks */,
				70835B2C2B35667D006E86A3 /* Resources */,
			);
			buildRules = (
			);
			dependencies = (
			);
			name = PhotoApp;
			productName = PhotoApp;
			productReference = 70835B2E2B35667D006E86A3 /* PhotoApp.app */;
			productType = "com.apple.product-type.application";
		};
		70835B482B35668D006E86A3 /* PhotoAppTests */ = {
			isa = PBXNativeTarget;
			buildConfigurationList = 70835B4F2B35668D006E86A3 /* Build configuration list for PBXNativeTarget "PhotoAppTests" */;
			buildPhases = (
				70835B452B35668D006E86A3 /* Sources */,
				70835B462B35668D006E86A3 /* Frameworks */,
				70835B472B35668D006E86A3 /* Resources */,
			);
			buildRules = (
			);
			dependencies = (
				70835B4E2B35668D006E86A3 /* PBXTargetDependency */,
			);
			name = PhotoAppTests;
			productName = PhotoAppTests;
			productReference = 70835B492B35668D006E86A3 /* PhotoAppTests.xctest */;
			productType = "com.apple.product-type.bundle.unit-test";
		};
/* End PBXNativeTarget section */

/* Begin PBXProject section */
		70835B262B35667D006E86A3 /* Project object */ = {
			isa = PBXProject;
			attributes = {
				BuildIndependentTargetsInParallel = 1;
				LastSwiftUpdateCheck = 1500;
				LastUpgradeCheck = 1500;
				TargetAttributes = {
					70835B2D2B35667D006E86A3 = {
						CreatedOnToolsVersion = 15.0.1;
					};
					70835B482B35668D006E86A3 = {
						CreatedOnToolsVersion = 15.0.1;
						LastSwiftMigration = 1500;
						TestTargetID = 70835B2D2B35667D006E86A3;
					};
				};
			};
			buildConfigurationList = 70835B292B35667D006E86A3 /* Build configuration list for PBXProject "PhotoApp" */;
			compatibilityVersion = "Xcode 14.0";
			developmentRegion = en;
			hasScannedForEncodings = 0;
			knownRegions = (
				en,
				Base,
			);
			mainGroup = 70835B252B35667D006E86A3;
			productRefGroup = 70835B2F2B35667D006E86A3 /* Products */;
			projectDirPath = "";
			projectRoot = "";
			targets = (
				70835B2D2B35667D006E86A3 /* PhotoApp */,
				70835B482B35668D006E86A3 /* PhotoAppTests */,
			);
		};
/* End PBXProject section */

/* Begin PBXResourcesBuildPhase section */
		70835B2C2B35667D006E86A3 /* Resources */ = {
			isa = PBXResourcesBuildPhase;
			buildActionMask = 2147483647;
			files = (
				70835B3E2B35667F006E86A3 /* LaunchScreen.storyboard in Resources */,
				70835B3B2B35667F006E86A3 /* Assets.xcassets in Resources */,
				70835B392B35667D006E86A3 /* Main.storyboard in Resources */,
			);
			runOnlyForDeploymentPostprocessing = 0;
		};
		70835B472B35668D006E86A3 /* Resources */ = {
			isa = PBXResourcesBuildPhase;
			buildActionMask = 2147483647;
			files = (
			);
			runOnlyForDeploymentPostprocessing = 0;
		};
/* End PBXResourcesBuildPhase section */

/* Begin PBXSourcesBuildPhase section */
		70835B2A2B35667D006E86A3 /* Sources */ = {
			isa = PBXSourcesBuildPhase;
			buildActionMask = 2147483647;
			files = (
				70835B362B35667D006E86A3 /* ViewController.swift in Sources */,
				70835B322B35667D006E86A3 /* AppDelegate.swift in Sources */,
				70BDAAF72B3C20480030159D /* SignupResponseModel.swift in Sources */,
				70835B552B356712006E86A3 /* SignupFromModelValidator.swift in Sources */,
				70BDAAFB2B3C26810030159D /* SignupErrors.swift in Sources */,
				7002FC0B2B3597C300C83FB5 /* SignupConstants.swift in Sources */,
				70BDAAF52B3C1F6B0030159D /* SignupFormRequestModel.swift in Sources */,
				70BDAAF32B3C1E110030159D /* SignupWebService.swift in Sources */,
				70835B342B35667D006E86A3 /* SceneDelegate.swift in Sources */,
			);
			runOnlyForDeploymentPostprocessing = 0;
		};
		70835B452B35668D006E86A3 /* Sources */ = {
			isa = PBXSourcesBuildPhase;
			buildActionMask = 2147483647;
			files = (
				703CC87B2B3D4D1B00F3F32F /* MockURLProtocol.swift in Sources */,
				70BDAAF02B3C1CAC0030159D /* SignupWebServiceTests.swift in Sources */,
				702969942B3FDF5400858E87 /* SignupPresenterTests.swift in Sources */,
				70835B532B3566AE006E86A3 /* SignupFromModelValidatorTests.swift in Sources */,
			);
			runOnlyForDeploymentPostprocessing = 0;
		};
/* End PBXSourcesBuildPhase section */

/* Begin PBXTargetDependency section */
		70835B4E2B35668D006E86A3 /* PBXTargetDependency */ = {
			isa = PBXTargetDependency;
			target = 70835B2D2B35667D006E86A3 /* PhotoApp */;
			targetProxy = 70835B4D2B35668D006E86A3 /* PBXContainerItemProxy */;
		};
/* End PBXTargetDependency section */

/* Begin PBXVariantGroup section */
		70835B372B35667D006E86A3 /* Main.storyboard */ = {
			isa = PBXVariantGroup;
			children = (
				70835B382B35667D006E86A3 /* Base */,
			);
			name = Main.storyboard;
			sourceTree = "<group>";
		};
		70835B3C2B35667F006E86A3 /* LaunchScreen.storyboard */ = {
			isa = PBXVariantGroup;
			children = (
				70835B3D2B35667F006E86A3 /* Base */,
			);
			name = LaunchScreen.storyboard;
			sourceTree = "<group>";
		};
/* End PBXVariantGroup section */

/* Begin XCBuildConfiguration section */
		70835B402B35667F006E86A3 /* Debug */ = {
			isa = XCBuildConfiguration;
			buildSettings = {
				ALWAYS_SEARCH_USER_PATHS = NO;
				ASSETCATALOG_COMPILER_GENERATE_SWIFT_ASSET_SYMBOL_EXTENSIONS = YES;
				CLANG_ANALYZER_NONNULL = YES;
				CLANG_ANALYZER_NUMBER_OBJECT_CONVERSION = YES_AGGRESSIVE;
				CLANG_CXX_LANGUAGE_STANDARD = "gnu++20";
				CLANG_ENABLE_MODULES = YES;
				CLANG_ENABLE_OBJC_ARC = YES;
				CLANG_ENABLE_OBJC_WEAK = YES;
				CLANG_WARN_BLOCK_CAPTURE_AUTORELEASING = YES;
				CLANG_WARN_BOOL_CONVERSION = YES;
				CLANG_WARN_COMMA = YES;
				CLANG_WARN_CONSTANT_CONVERSION = YES;
				CLANG_WARN_DEPRECATED_OBJC_IMPLEMENTATIONS = YES;
				CLANG_WARN_DIRECT_OBJC_ISA_USAGE = YES_ERROR;
				CLANG_WARN_DOCUMENTATION_COMMENTS = YES;
				CLANG_WARN_EMPTY_BODY = YES;
				CLANG_WARN_ENUM_CONVERSION = YES;
				CLANG_WARN_INFINITE_RECURSION = YES;
				CLANG_WARN_INT_CONVERSION = YES;
				CLANG_WARN_NON_LITERAL_NULL_CONVERSION = YES;
				CLANG_WARN_OBJC_IMPLICIT_RETAIN_SELF = YES;
				CLANG_WARN_OBJC_LITERAL_CONVERSION = YES;
				CLANG_WARN_OBJC_ROOT_CLASS = YES_ERROR;
				CLANG_WARN_QUOTED_INCLUDE_IN_FRAMEWORK_HEADER = YES;
				CLANG_WARN_RANGE_LOOP_ANALYSIS = YES;
				CLANG_WARN_STRICT_PROTOTYPES = YES;
				CLANG_WARN_SUSPICIOUS_MOVE = YES;
				CLANG_WARN_UNGUARDED_AVAILABILITY = YES_AGGRESSIVE;
				CLANG_WARN_UNREACHABLE_CODE = YES;
				CLANG_WARN__DUPLICATE_METHOD_MATCH = YES;
				COPY_PHASE_STRIP = NO;
				DEBUG_INFORMATION_FORMAT = dwarf;
				ENABLE_STRICT_OBJC_MSGSEND = YES;
				ENABLE_TESTABILITY = YES;
				ENABLE_USER_SCRIPT_SANDBOXING = YES;
				GCC_C_LANGUAGE_STANDARD = gnu17;
				GCC_DYNAMIC_NO_PIC = NO;
				GCC_NO_COMMON_BLOCKS = YES;
				GCC_OPTIMIZATION_LEVEL = 0;
				GCC_PREPROCESSOR_DEFINITIONS = (
					"DEBUG=1",
					"$(inherited)",
				);
				GCC_WARN_64_TO_32_BIT_CONVERSION = YES;
				GCC_WARN_ABOUT_RETURN_TYPE = YES_ERROR;
				GCC_WARN_UNDECLARED_SELECTOR = YES;
				GCC_WARN_UNINITIALIZED_AUTOS = YES_AGGRESSIVE;
				GCC_WARN_UNUSED_FUNCTION = YES;
				GCC_WARN_UNUSED_VARIABLE = YES;
				IPHONEOS_DEPLOYMENT_TARGET = 17.0;
				LOCALIZATION_PREFERS_STRING_CATALOGS = YES;
				MTL_ENABLE_DEBUG_INFO = INCLUDE_SOURCE;
				MTL_FAST_MATH = YES;
				ONLY_ACTIVE_ARCH = YES;
				SDKROOT = iphoneos;
				SWIFT_ACTIVE_COMPILATION_CONDITIONS = "DEBUG $(inherited)";
				SWIFT_OPTIMIZATION_LEVEL = "-Onone";
			};
			name = Debug;
		};
		70835B412B35667F006E86A3 /* Release */ = {
			isa = XCBuildConfiguration;
			buildSettings = {
				ALWAYS_SEARCH_USER_PATHS = NO;
				ASSETCATALOG_COMPILER_GENERATE_SWIFT_ASSET_SYMBOL_EXTENSIONS = YES;
				CLANG_ANALYZER_NONNULL = YES;
				CLANG_ANALYZER_NUMBER_OBJECT_CONVERSION = YES_AGGRESSIVE;
				CLANG_CXX_LANGUAGE_STANDARD = "gnu++20";
				CLANG_ENABLE_MODULES = YES;
				CLANG_ENABLE_OBJC_ARC = YES;
				CLANG_ENABLE_OBJC_WEAK = YES;
				CLANG_WARN_BLOCK_CAPTURE_AUTORELEASING = YES;
				CLANG_WARN_BOOL_CONVERSION = YES;
				CLANG_WARN_COMMA = YES;
				CLANG_WARN_CONSTANT_CONVERSION = YES;
				CLANG_WARN_DEPRECATED_OBJC_IMPLEMENTATIONS = YES;
				CLANG_WARN_DIRECT_OBJC_ISA_USAGE = YES_ERROR;
				CLANG_WARN_DOCUMENTATION_COMMENTS = YES;
				CLANG_WARN_EMPTY_BODY = YES;
				CLANG_WARN_ENUM_CONVERSION = YES;
				CLANG_WARN_INFINITE_RECURSION = YES;
				CLANG_WARN_INT_CONVERSION = YES;
				CLANG_WARN_NON_LITERAL_NULL_CONVERSION = YES;
				CLANG_WARN_OBJC_IMPLICIT_RETAIN_SELF = YES;
				CLANG_WARN_OBJC_LITERAL_CONVERSION = YES;
				CLANG_WARN_OBJC_ROOT_CLASS = YES_ERROR;
				CLANG_WARN_QUOTED_INCLUDE_IN_FRAMEWORK_HEADER = YES;
				CLANG_WARN_RANGE_LOOP_ANALYSIS = YES;
				CLANG_WARN_STRICT_PROTOTYPES = YES;
				CLANG_WARN_SUSPICIOUS_MOVE = YES;
				CLANG_WARN_UNGUARDED_AVAILABILITY = YES_AGGRESSIVE;
				CLANG_WARN_UNREACHABLE_CODE = YES;
				CLANG_WARN__DUPLICATE_METHOD_MATCH = YES;
				COPY_PHASE_STRIP = NO;
				DEBUG_INFORMATION_FORMAT = "dwarf-with-dsym";
				ENABLE_NS_ASSERTIONS = NO;
				ENABLE_STRICT_OBJC_MSGSEND = YES;
				ENABLE_USER_SCRIPT_SANDBOXING = YES;
				GCC_C_LANGUAGE_STANDARD = gnu17;
				GCC_NO_COMMON_BLOCKS = YES;
				GCC_WARN_64_TO_32_BIT_CONVERSION = YES;
				GCC_WARN_ABOUT_RETURN_TYPE = YES_ERROR;
				GCC_WARN_UNDECLARED_SELECTOR = YES;
				GCC_WARN_UNINITIALIZED_AUTOS = YES_AGGRESSIVE;
				GCC_WARN_UNUSED_FUNCTION = YES;
				GCC_WARN_UNUSED_VARIABLE = YES;
				IPHONEOS_DEPLOYMENT_TARGET = 17.0;
				LOCALIZATION_PREFERS_STRING_CATALOGS = YES;
				MTL_ENABLE_DEBUG_INFO = NO;
				MTL_FAST_MATH = YES;
				SDKROOT = iphoneos;
				SWIFT_COMPILATION_MODE = wholemodule;
				VALIDATE_PRODUCT = YES;
			};
			name = Release;
		};
		70835B432B35667F006E86A3 /* Debug */ = {
			isa = XCBuildConfiguration;
			buildSettings = {
				ASSETCATALOG_COMPILER_APPICON_NAME = AppIcon;
				ASSETCATALOG_COMPILER_GLOBAL_ACCENT_COLOR_NAME = AccentColor;
				CODE_SIGN_STYLE = Automatic;
				CURRENT_PROJECT_VERSION = 1;
				DEVELOPMENT_TEAM = 23S7Y45ACD;
				GENERATE_INFOPLIST_FILE = YES;
				INFOPLIST_FILE = PhotoApp/Info.plist;
				INFOPLIST_KEY_UIApplicationSupportsIndirectInputEvents = YES;
				INFOPLIST_KEY_UILaunchStoryboardName = LaunchScreen;
				INFOPLIST_KEY_UIMainStoryboardFile = Main;
				INFOPLIST_KEY_UISupportedInterfaceOrientations_iPad = "UIInterfaceOrientationPortrait UIInterfaceOrientationPortraitUpsideDown UIInterfaceOrientationLandscapeLeft UIInterfaceOrientationLandscapeRight";
				INFOPLIST_KEY_UISupportedInterfaceOrientations_iPhone = "UIInterfaceOrientationPortrait UIInterfaceOrientationLandscapeLeft UIInterfaceOrientationLandscapeRight";
				IPHONEOS_DEPLOYMENT_TARGET = 17.0;
				LD_RUNPATH_SEARCH_PATHS = (
					"$(inherited)",
					"@executable_path/Frameworks",
				);
				MARKETING_VERSION = 1.0;
				PRODUCT_BUNDLE_IDENTIFIER = com.surendra.testing.PhotoApp;
				PRODUCT_NAME = "$(TARGET_NAME)";
				SWIFT_EMIT_LOC_STRINGS = YES;
				SWIFT_VERSION = 5.0;
				TARGETED_DEVICE_FAMILY = "1,2";
			};
			name = Debug;
		};
		70835B442B35667F006E86A3 /* Release */ = {
			isa = XCBuildConfiguration;
			buildSettings = {
				ASSETCATALOG_COMPILER_APPICON_NAME = AppIcon;
				ASSETCATALOG_COMPILER_GLOBAL_ACCENT_COLOR_NAME = AccentColor;
				CODE_SIGN_STYLE = Automatic;
				CURRENT_PROJECT_VERSION = 1;
				DEVELOPMENT_TEAM = 23S7Y45ACD;
				GENERATE_INFOPLIST_FILE = YES;
				INFOPLIST_FILE = PhotoApp/Info.plist;
				INFOPLIST_KEY_UIApplicationSupportsIndirectInputEvents = YES;
				INFOPLIST_KEY_UILaunchStoryboardName = LaunchScreen;
				INFOPLIST_KEY_UIMainStoryboardFile = Main;
				INFOPLIST_KEY_UISupportedInterfaceOrientations_iPad = "UIInterfaceOrientationPortrait UIInterfaceOrientationPortraitUpsideDown UIInterfaceOrientationLandscapeLeft UIInterfaceOrientationLandscapeRight";
				INFOPLIST_KEY_UISupportedInterfaceOrientations_iPhone = "UIInterfaceOrientationPortrait UIInterfaceOrientationLandscapeLeft UIInterfaceOrientationLandscapeRight";
				IPHONEOS_DEPLOYMENT_TARGET = 17.0;
				LD_RUNPATH_SEARCH_PATHS = (
					"$(inherited)",
					"@executable_path/Frameworks",
				);
				MARKETING_VERSION = 1.0;
				PRODUCT_BUNDLE_IDENTIFIER = com.surendra.testing.PhotoApp;
				PRODUCT_NAME = "$(TARGET_NAME)";
				SWIFT_EMIT_LOC_STRINGS = YES;
				SWIFT_VERSION = 5.0;
				TARGETED_DEVICE_FAMILY = "1,2";
			};
			name = Release;
		};
		70835B502B35668D006E86A3 /* Debug */ = {
			isa = XCBuildConfiguration;
			buildSettings = {
				BUNDLE_LOADER = "$(TEST_HOST)";
				CLANG_ENABLE_MODULES = YES;
				CODE_SIGN_STYLE = Automatic;
				CURRENT_PROJECT_VERSION = 1;
				GENERATE_INFOPLIST_FILE = YES;
				MARKETING_VERSION = 1.0;
				PRODUCT_BUNDLE_IDENTIFIER = com.surendra.testing.PhotoAppTests;
				PRODUCT_NAME = "$(TARGET_NAME)";
				SWIFT_EMIT_LOC_STRINGS = NO;
				SWIFT_OPTIMIZATION_LEVEL = "-Onone";
				SWIFT_VERSION = 5.0;
				TARGETED_DEVICE_FAMILY = "1,2";
				TEST_HOST = "$(BUILT_PRODUCTS_DIR)/PhotoApp.app/$(BUNDLE_EXECUTABLE_FOLDER_PATH)/PhotoApp";
			};
			name = Debug;
		};
		70835B512B35668D006E86A3 /* Release */ = {
			isa = XCBuildConfiguration;
			buildSettings = {
				BUNDLE_LOADER = "$(TEST_HOST)";
				CLANG_ENABLE_MODULES = YES;
				CODE_SIGN_STYLE = Automatic;
				CURRENT_PROJECT_VERSION = 1;
				GENERATE_INFOPLIST_FILE = YES;
				MARKETING_VERSION = 1.0;
				PRODUCT_BUNDLE_IDENTIFIER = com.surendra.testing.PhotoAppTests;
				PRODUCT_NAME = "$(TARGET_NAME)";
				SWIFT_EMIT_LOC_STRINGS = NO;
				SWIFT_VERSION = 5.0;
				TARGETED_DEVICE_FAMILY = "1,2";
				TEST_HOST = "$(BUILT_PRODUCTS_DIR)/PhotoApp.app/$(BUNDLE_EXECUTABLE_FOLDER_PATH)/PhotoApp";
			};
			name = Release;
		};
/* End XCBuildConfiguration section */

/* Begin XCConfigurationList section */
		70835B292B35667D006E86A3 /* Build configuration list for PBXProject "PhotoApp" */ = {
			isa = XCConfigurationList;
			buildConfigurations = (
				70835B402B35667F006E86A3 /* Debug */,
				70835B412B35667F006E86A3 /* Release */,
			);
			defaultConfigurationIsVisible = 0;
			defaultConfigurationName = Release;
		};
		70835B422B35667F006E86A3 /* Build configuration list for PBXNativeTarget "PhotoApp" */ = {
			isa = XCConfigurationList;
			buildConfigurations = (
				70835B432B35667F006E86A3 /* Debug */,
				70835B442B35667F006E86A3 /* Release */,
			);
			defaultConfigurationIsVisible = 0;
			defaultConfigurationName = Release;
		};
		70835B4F2B35668D006E86A3 /* Build configuration list for PBXNativeTarget "PhotoAppTests" */ = {
			isa = XCConfigurationList;
			buildConfigurations = (
				70835B502B35668D006E86A3 /* Debug */,
				70835B512B35668D006E86A3 /* Release */,
			);
			defaultConfigurationIsVisible = 0;
			defaultConfigurationName = Release;
		};
/* End XCConfigurationList section */
	};
	rootObject = 70835B262B35667D006E86A3 /* Project object */;
}
